
Microsoft Visual Studio Solution File, Format Version 12.00
# Visual Studio Version 16
VisualStudioVersion = 16.0.29709.97
MinimumVisualStudioVersion = 10.0.40219.1
Project("{FAE04EC0-301F-11D3-BF4B-00C04F79EFBC}") = "Lab5.1RPG", "Lab5.1RPG.csproj", "{6B58B7A1-F02D-4BD5-9E86-D35EEC8F322C}"
EndProject
Global
	GlobalSection(SolutionConfigurationPlatforms) = preSolution
		Debug|Any CPU = Debug|Any CPU
		Release|Any CPU = Release|Any CPU
	EndGlobalSection
	GlobalSection(ProjectConfigurationPlatforms) = postSolution
		{6B58B7A1-F02D-4BD5-9E86-D35EEC8F322C}.Debug|Any CPU.ActiveCfg = Debug|Any CPU
		{6B58B7A1-F02D-4BD5-9E86-D35EEC8F322C}.Debug|Any CPU.Build.0 = Debug|Any CPU
		{6B58B7A1-F02D-4BD5-9E86-D35EEC8F322C}.Release|Any CPU.ActiveCfg = Release|Any CPU
		{6B58B7A1-F02D-4BD5-9E86-D35EEC8F322C}.Release|Any CPU.Build.0 = Release|Any CPU
	EndGlobalSection
	GlobalSection(SolutionProperties) = preSolution
		HideSolutionNode = FALSE
	EndGlobalSection
	GlobalSection(ExtensibilityGlobals) = postSolution
		SolutionGuid = {2BC09278-0A37-4AB7-8F04-9D901ED512AA}
	EndGlobalSection
EndGlobal
